
Microsoft Visual Studio Solution File, Format Version 12.00
# Visual Studio 15
VisualStudioVersion = 15.0.28307.572
MinimumVisualStudioVersion = 10.0.40219.1
Project("{FAE04EC0-301F-11D3-BF4B-00C04F79EFBC}") = "Bacchus", "Bacchus\Bacchus.csproj", "{49E9A746-707E-41CA-9203-073642C1A1DF}"
EndProject
Global
	GlobalSection(SolutionConfigurationPlatforms) = preSolution
		Debug|Any CPU = Debug|Any CPU
		Release|Any CPU = Release|Any CPU
	EndGlobalSection
	GlobalSection(ProjectConfigurationPlatforms) = postSolution
		{49E9A746-707E-41CA-9203-073642C1A1DF}.Debug|Any CPU.ActiveCfg = Debug|Any CPU
		{49E9A746-707E-41CA-9203-073642C1A1DF}.Debug|Any CPU.Build.0 = Debug|Any CPU
		{49E9A746-707E-41CA-9203-073642C1A1DF}.Release|Any CPU.ActiveCfg = Release|Any CPU
		{49E9A746-707E-41CA-9203-073642C1A1DF}.Release|Any CPU.Build.0 = Release|Any CPU
	EndGlobalSection
	GlobalSection(SolutionProperties) = preSolution
		HideSolutionNode = FALSE
	EndGlobalSection
	GlobalSection(ExtensibilityGlobals) = postSolution
		SolutionGuid = {4C014E4B-DFC1-4241-9877-298CB12FBA88}
	EndGlobalSection
EndGlobal
